
Microsoft Visual Studio Solution File, Format Version 12.00
# Visual Studio 14
VisualStudioVersion = 14.0.25420.1
MinimumVisualStudioVersion = 10.0.40219.1
Project("{FAE04EC0-301F-11D3-BF4B-00C04F79EFBC}") = "apii", "apii\apii.csproj", "{0F5CC310-850E-4427-95D1-94EB16FBD11C}"
EndProject
Project("{E24C65DC-7377-472B-9ABA-BC803B73C61A}") = "WebSite6", "..\..\Users\Дима\Documents\Visual Studio 2015\WebSites\WebSite6\", "{AD5D9E7A-4B6F-4AA4-91E0-835176E04C25}"
	ProjectSection(WebsiteProperties) = preProject
		TargetFrameworkMoniker = ".NETFramework,Version%3Dv4.6.1"
		Debug.AspNetCompiler.VirtualPath = "/localhost_53840"
		Debug.AspNetCompiler.PhysicalPath = "..\..\Users\Дима\Documents\Visual Studio 2015\WebSites\WebSite6\"
		Debug.AspNetCompiler.TargetPath = "PrecompiledWeb\localhost_53840\"
		Debug.AspNetCompiler.Updateable = "true"
		Debug.AspNetCompiler.ForceOverwrite = "true"
		Debug.AspNetCompiler.FixedNames = "false"
		Debug.AspNetCompiler.Debug = "True"
		Release.AspNetCompiler.VirtualPath = "/localhost_53840"
		Release.AspNetCompiler.PhysicalPath = "..\..\Users\Дима\Documents\Visual Studio 2015\WebSites\WebSite6\"
		Release.AspNetCompiler.TargetPath = "PrecompiledWeb\localhost_53840\"
		Release.AspNetCompiler.Updateable = "true"
		Release.AspNetCompiler.ForceOverwrite = "true"
		Release.AspNetCompiler.FixedNames = "false"
		Release.AspNetCompiler.Debug = "False"
		VWDPort = "53840"
		SlnRelativePath = "..\..\Users\Дима\Documents\Visual Studio 2015\WebSites\WebSite6\"
		DefaultWebSiteLanguage = "Visual C#"
	EndProjectSection
EndProject
Global
	GlobalSection(SolutionConfigurationPlatforms) = preSolution
		Debug|Any CPU = Debug|Any CPU
		Release|Any CPU = Release|Any CPU
	EndGlobalSection
	GlobalSection(ProjectConfigurationPlatforms) = postSolution
		{0F5CC310-850E-4427-95D1-94EB16FBD11C}.Debug|Any CPU.ActiveCfg = Debug|Any CPU
		{0F5CC310-850E-4427-95D1-94EB16FBD11C}.Debug|Any CPU.Build.0 = Debug|Any CPU
		{0F5CC310-850E-4427-95D1-94EB16FBD11C}.Release|Any CPU.ActiveCfg = Release|Any CPU
		{0F5CC310-850E-4427-95D1-94EB16FBD11C}.Release|Any CPU.Build.0 = Release|Any CPU
		{AD5D9E7A-4B6F-4AA4-91E0-835176E04C25}.Debug|Any CPU.ActiveCfg = Debug|Any CPU
		{AD5D9E7A-4B6F-4AA4-91E0-835176E04C25}.Debug|Any CPU.Build.0 = Debug|Any CPU
		{AD5D9E7A-4B6F-4AA4-91E0-835176E04C25}.Release|Any CPU.ActiveCfg = Debug|Any CPU
		{AD5D9E7A-4B6F-4AA4-91E0-835176E04C25}.Release|Any CPU.Build.0 = Debug|Any CPU
	EndGlobalSection
	GlobalSection(SolutionProperties) = preSolution
		HideSolutionNode = FALSE
	EndGlobalSection
EndGlobal
